<?xml version="1.0" encoding="utf-8"?>
<Project ToolsVersion="4.0" xmlns="http://schemas.microsoft.com/developer/msbuild/2003">
  <ItemGroup>
    <ClInclude Include="..\Source\Core\OptimEngine.h" />
    <ClInclude Include="..\Source\Core\System\Application.h">
      <Filter>System</Filter>
    </ClInclude>
    <ClInclude Include="..\Source\Core\Input\Input.h">
      <Filter>Input</Filter>
    </ClInclude>
    <ClInclude Include="..\Source\Core\Time\Time.h">
      <Filter>Time</Filter>
    </ClInclude>
    <ClInclude Include="..\Source\Core\Exception\exception.h">
      <Filter>Exception</Filter>
    </ClInclude>
    <ClInclude Include="..\Source\Core\Types\string.h">
      <Filter>Types</Filter>
    </ClInclude>
    <ClInclude Include="..\Source\Core\Defines\Windows\windowsAPI.h">
      <Filter>Defines\Windows</Filter>
    </ClInclude>
    <ClInclude Include="..\Source\Core\Color\Color.h">
      <Filter>Types</Filter>
    </ClInclude>
    <ClInclude Include="..\Source\Core\Defines\DirectX\msDx11.h">
      <Filter>Defines\DirectX</Filter>
    </ClInclude>
    <ClInclude Include="..\Source\Core\Graphics\IGraphicsModule.h">
      <Filter>Graphics</Filter>
    </ClInclude>
    <ClInclude Include="..\Source\Core\Graphics\SVertex.h">
      <Filter>Graphics</Filter>
    </ClInclude>
    <ClInclude Include="..\Source\Core\Graphics\IGraphicResource.h">
      <Filter>Graphics</Filter>
    </ClInclude>
    <ClInclude Include="..\Source\Core\Graphics\Mesh.h">
      <Filter>Graphics</Filter>
    </ClInclude>
    <ClInclude Include="..\Source\Core\System\FileStream.h">
      <Filter>System</Filter>
    </ClInclude>
    <ClInclude Include="..\Source\Core\System\SystemWindow.h">
      <Filter>System</Filter>
    </ClInclude>
  </ItemGroup>
  <ItemGroup>
    <Filter Include="System">
      <UniqueIdentifier>{807bfe2a-813d-4636-bdfa-80153ad5a9f9}</UniqueIdentifier>
    </Filter>
    <Filter Include="System\Private">
      <UniqueIdentifier>{8aaea374-8363-4c45-8acb-bd93cdbb8b52}</UniqueIdentifier>
    </Filter>
    <Filter Include="Input">
      <UniqueIdentifier>{1f89f6f0-c096-4965-bd3f-9038d3bc01f4}</UniqueIdentifier>
    </Filter>
    <Filter Include="Input\private">
      <UniqueIdentifier>{49c719f4-1922-4239-920d-6a8356d84c8c}</UniqueIdentifier>
    </Filter>
    <Filter Include="Time">
      <UniqueIdentifier>{dc7f4020-7457-4671-82ab-65bcf3eafb46}</UniqueIdentifier>
    </Filter>
    <Filter Include="Time\private">
      <UniqueIdentifier>{05b9865d-7015-410a-bed0-3c90180a1e8e}</UniqueIdentifier>
    </Filter>
    <Filter Include="Exception">
      <UniqueIdentifier>{9f83be35-06fb-40f5-82fc-bc85568bd095}</UniqueIdentifier>
    </Filter>
    <Filter Include="Types">
      <UniqueIdentifier>{1f66d834-874a-4915-aacb-5f0508594f10}</UniqueIdentifier>
    </Filter>
    <Filter Include="Types\private">
      <UniqueIdentifier>{d1f1af6b-370b-402a-8c81-136540fa8c30}</UniqueIdentifier>
    </Filter>
    <Filter Include="Exception\private">
      <UniqueIdentifier>{20f0e9a5-93f1-452d-b3a1-ae80b61a249a}</UniqueIdentifier>
    </Filter>
    <Filter Include="Defines">
      <UniqueIdentifier>{167ff6c2-5679-452c-b74c-a56e4ad44ffb}</UniqueIdentifier>
    </Filter>
    <Filter Include="Defines\Windows">
      <UniqueIdentifier>{c2df1b5f-c9a8-40b3-a1b0-b34957c4ab83}</UniqueIdentifier>
    </Filter>
    <Filter Include="Defines\DirectX">
      <UniqueIdentifier>{d06328ea-fc60-45fb-bc5b-fda443820b49}</UniqueIdentifier>
    </Filter>
    <Filter Include="Graphics">
      <UniqueIdentifier>{e5fc91cc-ec0b-4f00-be8d-d8b5f5e3a04b}</UniqueIdentifier>
    </Filter>
    <Filter Include="Defines\Windows\Private">
      <UniqueIdentifier>{6c3ddf29-d4be-440b-82a2-37295e351ce7}</UniqueIdentifier>
    </Filter>
  </ItemGroup>
  <ItemGroup>
    <ClCompile Include="..\Source\Core\System\private\Application.cpp">
      <Filter>System\Private</Filter>
    </ClCompile>
    <ClCompile Include="..\Source\Core\Input\private\Input.cpp">
      <Filter>Input\private</Filter>
    </ClCompile>
    <ClCompile Include="..\Source\Core\Time\Time.cpp">
      <Filter>Time\private</Filter>
    </ClCompile>
    <ClCompile Include="..\Source\Core\Types\Private\string.cpp">
      <Filter>Types\private</Filter>
    </ClCompile>
    <ClCompile Include="..\Source\Core\Exception\private\exception.cpp">
      <Filter>Exception\private</Filter>
    </ClCompile>
    <ClCompile Include="..\Source\Core\System\private\FileStream.cpp">
      <Filter>System\Private</Filter>
    </ClCompile>
    <ClCompile Include="..\Source\Core\System\private\SystemWindow.cpp">
      <Filter>System\Private</Filter>
    </ClCompile>
  </ItemGroup>
</Project>