<?xml version="1.0" encoding="utf-8"?>
<Project ToolsVersion="4.0" xmlns="http://schemas.microsoft.com/developer/msbuild/2003">
  <ItemGroup>
    <ClInclude Include="..\Source\Core\OptimEngine.h" />
    <ClInclude Include="..\Source\Core\System\Application.h">
      <Filter>System</Filter>
    </ClInclude>
    <ClInclude Include="..\Source\Core\Input\Input.h">
      <Filter>Input</Filter>
    </ClInclude>
    <ClInclude Include="..\Source\Core\Time\Time.h">
      <Filter>Time</Filter>
    </ClInclude>
    <ClInclude Include="..\Source\Core\Exception\exception.h">
      <Filter>Exception</Filter>
    </ClInclude>
    <ClInclude Include="..\Source\Core\Types\String.h">
      <Filter>Types</Filter>
    </ClInclude>
    <ClInclude Include="..\Source\Core\Defines\Windows\windowsAPI.h">
      <Filter>Defines\Windows</Filter>
    </ClInclude>
    <ClInclude Include="..\Source\Core\Defines\DirectX\msDx11.h">
      <Filter>Defines\DirectX</Filter>
    </ClInclude>
    <ClInclude Include="..\Source\Core\Graphics\Vertex.h">
      <Filter>Graphics</Filter>
    </ClInclude>
    <ClInclude Include="..\Source\Core\Graphics\Mesh.h">
      <Filter>Graphics</Filter>
    </ClInclude>
    <ClInclude Include="..\Source\Core\System\FileStream.h">
      <Filter>System</Filter>
    </ClInclude>
    <ClInclude Include="..\Source\Core\System\SystemWindow.h">
      <Filter>System</Filter>
    </ClInclude>
    <ClInclude Include="..\Source\Core\_Temporary\InterfaceImGui.h">
      <Filter>_Temporary</Filter>
    </ClInclude>
    <ClInclude Include="..\Source\ThirdParty\imgui\imconfig.h">
      <Filter>_Temporary\ImGui\Headers</Filter>
    </ClInclude>
    <ClInclude Include="..\Source\ThirdParty\imgui\imgui.h">
      <Filter>_Temporary\ImGui\Headers</Filter>
    </ClInclude>
    <ClInclude Include="..\Source\ThirdParty\imgui\imgui_impl_dx11.h">
      <Filter>_Temporary\ImGui\Headers</Filter>
    </ClInclude>
    <ClInclude Include="..\Source\ThirdParty\imgui\imgui_impl_sdl3.h">
      <Filter>_Temporary\ImGui\Headers</Filter>
    </ClInclude>
    <ClInclude Include="..\Source\ThirdParty\imgui\imgui_internal.h">
      <Filter>_Temporary\ImGui\Headers</Filter>
    </ClInclude>
    <ClInclude Include="..\Source\Core\Object\Camera\Camera.h">
      <Filter>Object\Camera</Filter>
    </ClInclude>
    <ClInclude Include="..\Source\Core\Math\OptimMathematics.h">
      <Filter>Mathematics</Filter>
    </ClInclude>
    <ClInclude Include="..\Source\Core\Math\Quaternion.h">
      <Filter>Mathematics</Filter>
    </ClInclude>
    <ClInclude Include="..\Source\Core\Types\Color.h">
      <Filter>Types</Filter>
    </ClInclude>
    <ClInclude Include="..\Source\Core\Object\Image\Image.h">
      <Filter>Object\Image</Filter>
    </ClInclude>
    <ClInclude Include="..\Source\Core\Object\Object.h">
      <Filter>Object</Filter>
    </ClInclude>
    <ClInclude Include="..\Source\Core\Utilities\Random\Random.h">
      <Filter>Utilities\Random</Filter>
    </ClInclude>
    <ClInclude Include="..\Source\Core\Utilities\Pointer\UniquePtr.h">
      <Filter>Utilities\Pointer</Filter>
    </ClInclude>
    <ClInclude Include="..\Source\Core\Graphics\IGraphicsRHI.h">
      <Filter>Graphics</Filter>
    </ClInclude>
    <ClInclude Include="..\Source\Core\Graphics\Resource\IGraphicResource.h">
      <Filter>Graphics\Resource</Filter>
    </ClInclude>
    <ClInclude Include="..\Source\Core\Graphics\Graphics.h">
      <Filter>Graphics</Filter>
    </ClInclude>
    <ClInclude Include="..\Source\Core\System\ModelLoader.h">
      <Filter>System</Filter>
    </ClInclude>
    <ClInclude Include="..\Source\Core\Graphics\Resource\GraphicResourceHandle.h">
      <Filter>Graphics\Resource</Filter>
    </ClInclude>
    <ClInclude Include="..\Source\Core\Graphics\Resource\GraphicPipeline.h">
      <Filter>Graphics\Resource</Filter>
    </ClInclude>
    <ClInclude Include="..\Source\Core\Utilities\Event\Event.h">
      <Filter>Utilities\Event</Filter>
    </ClInclude>
    <ClInclude Include="..\Source\Core\Graphics\IGraphicsDevice.h">
      <Filter>Graphics</Filter>
    </ClInclude>
  </ItemGroup>
  <ItemGroup>
    <Filter Include="System">
      <UniqueIdentifier>{807bfe2a-813d-4636-bdfa-80153ad5a9f9}</UniqueIdentifier>
    </Filter>
    <Filter Include="System\Private">
      <UniqueIdentifier>{8aaea374-8363-4c45-8acb-bd93cdbb8b52}</UniqueIdentifier>
    </Filter>
    <Filter Include="Input">
      <UniqueIdentifier>{1f89f6f0-c096-4965-bd3f-9038d3bc01f4}</UniqueIdentifier>
    </Filter>
    <Filter Include="Input\private">
      <UniqueIdentifier>{49c719f4-1922-4239-920d-6a8356d84c8c}</UniqueIdentifier>
    </Filter>
    <Filter Include="Time">
      <UniqueIdentifier>{dc7f4020-7457-4671-82ab-65bcf3eafb46}</UniqueIdentifier>
    </Filter>
    <Filter Include="Time\private">
      <UniqueIdentifier>{05b9865d-7015-410a-bed0-3c90180a1e8e}</UniqueIdentifier>
    </Filter>
    <Filter Include="Exception">
      <UniqueIdentifier>{9f83be35-06fb-40f5-82fc-bc85568bd095}</UniqueIdentifier>
    </Filter>
    <Filter Include="Types">
      <UniqueIdentifier>{1f66d834-874a-4915-aacb-5f0508594f10}</UniqueIdentifier>
    </Filter>
    <Filter Include="Types\private">
      <UniqueIdentifier>{d1f1af6b-370b-402a-8c81-136540fa8c30}</UniqueIdentifier>
    </Filter>
    <Filter Include="Exception\private">
      <UniqueIdentifier>{20f0e9a5-93f1-452d-b3a1-ae80b61a249a}</UniqueIdentifier>
    </Filter>
    <Filter Include="Defines">
      <UniqueIdentifier>{167ff6c2-5679-452c-b74c-a56e4ad44ffb}</UniqueIdentifier>
    </Filter>
    <Filter Include="Defines\Windows">
      <UniqueIdentifier>{c2df1b5f-c9a8-40b3-a1b0-b34957c4ab83}</UniqueIdentifier>
    </Filter>
    <Filter Include="Defines\DirectX">
      <UniqueIdentifier>{d06328ea-fc60-45fb-bc5b-fda443820b49}</UniqueIdentifier>
    </Filter>
    <Filter Include="Graphics">
      <UniqueIdentifier>{e5fc91cc-ec0b-4f00-be8d-d8b5f5e3a04b}</UniqueIdentifier>
    </Filter>
    <Filter Include="Defines\Windows\Private">
      <UniqueIdentifier>{6c3ddf29-d4be-440b-82a2-37295e351ce7}</UniqueIdentifier>
    </Filter>
    <Filter Include="Object">
      <UniqueIdentifier>{8271e369-3cb4-405e-a8fd-61cf015898d2}</UniqueIdentifier>
    </Filter>
    <Filter Include="_Temporary">
      <UniqueIdentifier>{0103263b-adc6-4219-81fc-747a0e4fd6b3}</UniqueIdentifier>
    </Filter>
    <Filter Include="_Temporary\ImGui">
      <UniqueIdentifier>{fee01e1a-1ecf-400c-a318-333355b09914}</UniqueIdentifier>
    </Filter>
    <Filter Include="_Temporary\ImGui\Headers">
      <UniqueIdentifier>{69c8d95a-920a-411a-9635-2468f81b7dc0}</UniqueIdentifier>
    </Filter>
    <Filter Include="_Temporary\ImGui\Source">
      <UniqueIdentifier>{697f19f7-bf2a-4b19-a671-11811c668c41}</UniqueIdentifier>
    </Filter>
    <Filter Include="Object\Camera">
      <UniqueIdentifier>{6f7948aa-29c7-40e5-afb3-8b5ef976a755}</UniqueIdentifier>
    </Filter>
    <Filter Include="Object\Image">
      <UniqueIdentifier>{2917b471-63de-4dca-8b0d-8dcdc8df44be}</UniqueIdentifier>
    </Filter>
    <Filter Include="Utilities">
      <UniqueIdentifier>{0ec94a93-dcbd-4a2a-be65-ded684262ab9}</UniqueIdentifier>
    </Filter>
    <Filter Include="Utilities\Random">
      <UniqueIdentifier>{c57afca1-d668-4ef6-8fe1-b3f3d1cd0f02}</UniqueIdentifier>
    </Filter>
    <Filter Include="Utilities\Pointer">
      <UniqueIdentifier>{45c6573d-53d5-40c0-b05d-de78d2fc2ce9}</UniqueIdentifier>
    </Filter>
    <Filter Include="Graphics\Resource">
      <UniqueIdentifier>{9a5e5c76-61ca-47e2-b796-60ee35846566}</UniqueIdentifier>
    </Filter>
    <Filter Include="Graphics\Private">
      <UniqueIdentifier>{f632ff4c-20e2-4862-a964-d1845248f7f9}</UniqueIdentifier>
    </Filter>
    <Filter Include="Utilities\Event">
      <UniqueIdentifier>{61d34c9e-2e03-4e4a-ab0d-f802f12be186}</UniqueIdentifier>
    </Filter>
    <Filter Include="Mathematics">
      <UniqueIdentifier>{7c57a133-1c38-45d7-9be9-c9d251d805d1}</UniqueIdentifier>
    </Filter>
    <Filter Include="Mathematics\Internal">
      <UniqueIdentifier>{44475933-a731-45a8-935c-adaf18893b00}</UniqueIdentifier>
    </Filter>
  </ItemGroup>
  <ItemGroup>
    <ClCompile Include="..\Source\Core\System\private\Application.cpp">
      <Filter>System\Private</Filter>
    </ClCompile>
    <ClCompile Include="..\Source\Core\Input\private\Input.cpp">
      <Filter>Input\private</Filter>
    </ClCompile>
    <ClCompile Include="..\Source\Core\Time\Time.cpp">
      <Filter>Time\private</Filter>
    </ClCompile>
    <ClCompile Include="..\Source\Core\Types\Private\String.cpp">
      <Filter>Types\private</Filter>
    </ClCompile>
    <ClCompile Include="..\Source\Core\Exception\private\exception.cpp">
      <Filter>Exception\private</Filter>
    </ClCompile>
    <ClCompile Include="..\Source\Core\System\private\FileStream.cpp">
      <Filter>System\Private</Filter>
    </ClCompile>
    <ClCompile Include="..\Source\Core\System\private\SystemWindow.cpp">
      <Filter>System\Private</Filter>
    </ClCompile>
    <ClCompile Include="..\Source\Core\_Temporary\InterfaceImGui.cpp">
      <Filter>_Temporary</Filter>
    </ClCompile>
    <ClCompile Include="..\Source\ThirdParty\imgui\imgui.cpp">
      <Filter>_Temporary\ImGui\Source</Filter>
    </ClCompile>
    <ClCompile Include="..\Source\ThirdParty\imgui\imgui_draw.cpp">
      <Filter>_Temporary\ImGui\Source</Filter>
    </ClCompile>
    <ClCompile Include="..\Source\ThirdParty\imgui\imgui_impl_dx11.cpp">
      <Filter>_Temporary\ImGui\Source</Filter>
    </ClCompile>
    <ClCompile Include="..\Source\ThirdParty\imgui\imgui_impl_sdl3.cpp">
      <Filter>_Temporary\ImGui\Source</Filter>
    </ClCompile>
    <ClCompile Include="..\Source\ThirdParty\imgui\imgui_tables.cpp">
      <Filter>_Temporary\ImGui\Source</Filter>
    </ClCompile>
    <ClCompile Include="..\Source\ThirdParty\imgui\imgui_widgets.cpp">
      <Filter>_Temporary\ImGui\Source</Filter>
    </ClCompile>
    <ClCompile Include="..\Source\Core\Object\Camera\Camera.cpp">
      <Filter>Object\Camera</Filter>
    </ClCompile>
    <ClCompile Include="..\Source\Core\Object\Image\Image.cpp">
      <Filter>Object\Image</Filter>
    </ClCompile>
    <ClCompile Include="..\Source\Core\Object\Object.cpp">
      <Filter>Object</Filter>
    </ClCompile>
    <ClCompile Include="..\Source\Core\Utilities\Random\Random.cpp">
      <Filter>Utilities\Random</Filter>
    </ClCompile>
    <ClCompile Include="..\Source\Core\System\private\ModelLoader.cpp">
      <Filter>System\Private</Filter>
    </ClCompile>
    <ClCompile Include="..\Source\Core\Graphics\Private\Graphics.cpp">
      <Filter>Graphics\Private</Filter>
    </ClCompile>
    <ClCompile Include="..\Source\Core\Graphics\Mesh.cpp">
      <Filter>Graphics\Private</Filter>
    </ClCompile>
    <ClCompile Include="..\Source\Core\Math\Internal\OptimMathematics.cpp">
      <Filter>Mathematics\Internal</Filter>
    </ClCompile>
    <ClCompile Include="..\Source\Core\Math\Internal\Quaternion.cpp">
      <Filter>Mathematics\Internal</Filter>
    </ClCompile>
  </ItemGroup>
  <ItemGroup>
    <None Include="cpp.hint" />
  </ItemGroup>
</Project>