<?xml version="1.0" encoding="utf-8"?>
<Project ToolsVersion="4.0" xmlns="http://schemas.microsoft.com/developer/msbuild/2003">
  <ItemGroup>
    <Filter Include="Private">
      <UniqueIdentifier>{3f73ef02-913d-44ec-8d2b-758e33c192f8}</UniqueIdentifier>
    </Filter>
    <Filter Include="Private\Resources">
      <UniqueIdentifier>{1ec423ef-f21d-4faa-a1a8-31328daf3be6}</UniqueIdentifier>
    </Filter>
    <Filter Include="Private\Resources\Source">
      <UniqueIdentifier>{f005d92c-d578-42fd-b122-9ebcf354dea0}</UniqueIdentifier>
    </Filter>
  </ItemGroup>
  <ItemGroup>
    <ClInclude Include="..\..\Source\Runtime\Direct3D11\Dx11RHI.h" />
    <ClInclude Include="..\..\Source\Runtime\Direct3D11\Private\Dx11RHIDevice.h">
      <Filter>Private</Filter>
    </ClInclude>
    <ClInclude Include="..\..\Source\Runtime\Direct3D11\Private\Resources\Dx11IndexBuffer.h">
      <Filter>Private\Resources</Filter>
    </ClInclude>
    <ClInclude Include="..\..\Source\Runtime\Direct3D11\Private\Resources\Dx11VertexBuffer.h">
      <Filter>Private\Resources</Filter>
    </ClInclude>
    <ClInclude Include="..\..\Source\Runtime\Direct3D11\Private\Resources\Dx11Texture.h">
      <Filter>Private\Resources</Filter>
    </ClInclude>
    <ClInclude Include="..\..\Source\Runtime\Direct3D11\Private\Dx11ResourceRegistery.h">
      <Filter>Private</Filter>
    </ClInclude>
    <ClInclude Include="..\..\Source\Runtime\Direct3D11\Private\Resources\Dx11ConstantBuffer.h">
      <Filter>Private\Resources</Filter>
    </ClInclude>
    <ClInclude Include="..\..\Source\Runtime\Direct3D11\Private\Resources\IDx11Resource.h">
      <Filter>Private\Resources</Filter>
    </ClInclude>
    <ClInclude Include="..\..\Source\Runtime\Direct3D11\Private\Resources\Dx11Pipeline.h">
      <Filter>Private\Resources</Filter>
    </ClInclude>
    <ClInclude Include="..\..\Source\Runtime\Direct3D11\Private\Dx11CommandBuffer.h">
      <Filter>Private</Filter>
    </ClInclude>
    <ClInclude Include="..\..\Source\Runtime\Direct3D11\Dx11GraphicsDevice.h" />
    <ClInclude Include="..\..\Source\Runtime\Direct3D11\Private\Resources\Dx11DepthStencilView.h">
      <Filter>Private\Resources</Filter>
    </ClInclude>
  </ItemGroup>
  <ItemGroup>
    <ClCompile Include="..\..\Source\Runtime\Direct3D11\Private\Dx11RHI.cpp">
      <Filter>Private</Filter>
    </ClCompile>
    <ClCompile Include="..\..\Source\Runtime\Direct3D11\Private\Dx11RHIDevice.cpp">
      <Filter>Private</Filter>
    </ClCompile>
    <ClCompile Include="..\..\Source\Runtime\Direct3D11\Private\Dx11ResourceRegistery.cpp">
      <Filter>Private</Filter>
    </ClCompile>
    <ClCompile Include="..\..\Source\Runtime\Direct3D11\Private\Resources\Private\Dx11Pipeline.cpp">
      <Filter>Private\Resources\Source</Filter>
    </ClCompile>
    <ClCompile Include="..\..\Source\Runtime\Direct3D11\Private\Resources\Private\Dx11ConstantBuffer.cpp">
      <Filter>Private\Resources\Source</Filter>
    </ClCompile>
    <ClCompile Include="..\..\Source\Runtime\Direct3D11\Private\Resources\Private\Dx11IndexBuffer.cpp">
      <Filter>Private\Resources\Source</Filter>
    </ClCompile>
    <ClCompile Include="..\..\Source\Runtime\Direct3D11\Private\Resources\Private\Dx11DepthStencilView.cpp">
      <Filter>Private\Resources\Source</Filter>
    </ClCompile>
    <ClCompile Include="..\..\Source\Runtime\Direct3D11\Private\Resources\Private\Dx11Texture.cpp">
      <Filter>Private\Resources\Source</Filter>
    </ClCompile>
    <ClCompile Include="..\..\Source\Runtime\Direct3D11\Private\Resources\Private\Dx11VertexBuffer.cpp">
      <Filter>Private\Resources\Source</Filter>
    </ClCompile>
  </ItemGroup>
</Project>