<?xml version="1.0" encoding="utf-8"?>
<Project ToolsVersion="4.0" xmlns="http://schemas.microsoft.com/developer/msbuild/2003">
  <ItemGroup>
    <Filter Include="Private">
      <UniqueIdentifier>{3f73ef02-913d-44ec-8d2b-758e33c192f8}</UniqueIdentifier>
    </Filter>
  </ItemGroup>
  <ItemGroup>
    <ClInclude Include="..\..\Source\Runtime\Direct3D11\OpDirect3d11.h" />
    <ClInclude Include="..\..\Source\Runtime\Direct3D11\Private\OpDirect3d11Base.h">
      <Filter>Private</Filter>
    </ClInclude>
    <ClInclude Include="..\..\Source\Runtime\Direct3D11\Private\OpDirect3d11Global.h">
      <Filter>Private</Filter>
    </ClInclude>
  </ItemGroup>
  <ItemGroup>
    <ClCompile Include="..\..\Source\Runtime\Direct3D11\Private\OpDirect3d11.cpp">
      <Filter>Private</Filter>
    </ClCompile>
    <ClCompile Include="..\..\Source\Runtime\Direct3D11\Private\OpDirect3d11Base.cpp">
      <Filter>Private</Filter>
    </ClCompile>
  </ItemGroup>
</Project>